{
  "pins" : [
    {
      "identity" : "hidpp",
      "kind" : "remoteSourceControl",
      "location" : "https://github.com/niw/HIDPP",
      "state" : {
        "branch" : "master",
        "revision" : "9bdde1afa7be9d6c623fd4f654593fde69d1e3ac"
      }
    },
    {
      "identity" : "swift-argument-parser",
      "kind" : "remoteSourceControl",
      "location" : "https://github.com/apple/swift-argument-parser",
      "state" : {
        "revision" : "41982a3656a71c768319979febd796c6fd111d5c",
        "version" : "1.5.0"
      }
    }
  ],
  "version" : 2
}
